
Microsoft Visual Studio Solution File, Format Version 12.00
# Visual Studio Version 17
VisualStudioVersion = 17.0.31919.166
MinimumVisualStudioVersion = 10.0.40219.1
Project("{9A19103F-16F7-4668-BE54-9A1E7A4F7556}") = "ArrayApp", "MYAZ_206\ArrayApp.csproj", "{39CA30B9-9494-4934-B8D2-44B89F42E609}"
EndProject
Project("{9A19103F-16F7-4668-BE54-9A1E7A4F7556}") = "Array_Hafta2", "Array_Hafta2\Array_Hafta2.csproj", "{5240342C-BF64-41D6-B6F7-B833782A680E}"
EndProject
Project("{2150E333-8FDC-42A3-9474-1A3956D46DE8}") = "Applications", "Applications", "{EFDE31FB-DA9D-4072-9847-D523DA85352D}"
EndProject
Project("{2150E333-8FDC-42A3-9474-1A3956D46DE8}") = "DataStructures", "DataStructures", "{82E41A17-C918-4CF7-A1EF-581A7265C669}"
EndProject
Project("{2150E333-8FDC-42A3-9474-1A3956D46DE8}") = "Tests", "Tests", "{1F18665F-F73D-495F-85FE-D53E57E2A8C2}"
EndProject
Project("{2150E333-8FDC-42A3-9474-1A3956D46DE8}") = "UIs", "UIs", "{83DF6F47-CDCB-4637-8C3E-4E9A883D7CA3}"
EndProject
Project("{9A19103F-16F7-4668-BE54-9A1E7A4F7556}") = "ValueAndReferenceTypes", "ValueAndReferenceTypes\ValueAndReferenceTypes.csproj", "{1A7184C0-73F1-4EAF-897F-F5CB905ADBED}"
EndProject
Project("{2150E333-8FDC-42A3-9474-1A3956D46DE8}") = "ApplicationTests", "ApplicationTests", "{28DA4192-515B-4662-81C0-B054CEC148AC}"
EndProject
Project("{9A19103F-16F7-4668-BE54-9A1E7A4F7556}") = "ValAndRefTypesTest", "ValAndRefTypesTest\ValAndRefTypesTest.csproj", "{EFEB72F9-23F2-4C60-B986-D18B9FDFE01C}"
EndProject
Project("{9A19103F-16F7-4668-BE54-9A1E7A4F7556}") = "ArrayApp", "ArrayApp\ArrayApp.csproj", "{EA05C539-2F75-4842-A499-5EBDF1160EF3}"
EndProject
Project("{2150E333-8FDC-42A3-9474-1A3956D46DE8}") = "ArrayTests", "ArrayTests", "{19091FCB-5352-4EC7-B1DC-1B899C8A3A0C}"
EndProject
Project("{9A19103F-16F7-4668-BE54-9A1E7A4F7556}") = "ArraysTests", "ArraysTests\ArraysTests.csproj", "{DEEC821A-4946-4334-B0A9-8C248A0ED8FD}"
EndProject
Global
	GlobalSection(SolutionConfigurationPlatforms) = preSolution
		Debug|Any CPU = Debug|Any CPU
		Release|Any CPU = Release|Any CPU
	EndGlobalSection
	GlobalSection(ProjectConfigurationPlatforms) = postSolution
		{39CA30B9-9494-4934-B8D2-44B89F42E609}.Debug|Any CPU.ActiveCfg = Debug|Any CPU
		{39CA30B9-9494-4934-B8D2-44B89F42E609}.Debug|Any CPU.Build.0 = Debug|Any CPU
		{39CA30B9-9494-4934-B8D2-44B89F42E609}.Release|Any CPU.ActiveCfg = Release|Any CPU
		{39CA30B9-9494-4934-B8D2-44B89F42E609}.Release|Any CPU.Build.0 = Release|Any CPU
		{5240342C-BF64-41D6-B6F7-B833782A680E}.Debug|Any CPU.ActiveCfg = Debug|Any CPU
		{5240342C-BF64-41D6-B6F7-B833782A680E}.Debug|Any CPU.Build.0 = Debug|Any CPU
		{5240342C-BF64-41D6-B6F7-B833782A680E}.Release|Any CPU.ActiveCfg = Release|Any CPU
		{5240342C-BF64-41D6-B6F7-B833782A680E}.Release|Any CPU.Build.0 = Release|Any CPU
		{1A7184C0-73F1-4EAF-897F-F5CB905ADBED}.Debug|Any CPU.ActiveCfg = Debug|Any CPU
		{1A7184C0-73F1-4EAF-897F-F5CB905ADBED}.Debug|Any CPU.Build.0 = Debug|Any CPU
		{1A7184C0-73F1-4EAF-897F-F5CB905ADBED}.Release|Any CPU.ActiveCfg = Release|Any CPU
		{1A7184C0-73F1-4EAF-897F-F5CB905ADBED}.Release|Any CPU.Build.0 = Release|Any CPU
		{EFEB72F9-23F2-4C60-B986-D18B9FDFE01C}.Debug|Any CPU.ActiveCfg = Debug|Any CPU
		{EFEB72F9-23F2-4C60-B986-D18B9FDFE01C}.Debug|Any CPU.Build.0 = Debug|Any CPU
		{EFEB72F9-23F2-4C60-B986-D18B9FDFE01C}.Release|Any CPU.ActiveCfg = Release|Any CPU
		{EFEB72F9-23F2-4C60-B986-D18B9FDFE01C}.Release|Any CPU.Build.0 = Release|Any CPU
		{EA05C539-2F75-4842-A499-5EBDF1160EF3}.Debug|Any CPU.ActiveCfg = Debug|Any CPU
		{EA05C539-2F75-4842-A499-5EBDF1160EF3}.Debug|Any CPU.Build.0 = Debug|Any CPU
		{EA05C539-2F75-4842-A499-5EBDF1160EF3}.Release|Any CPU.ActiveCfg = Release|Any CPU
		{EA05C539-2F75-4842-A499-5EBDF1160EF3}.Release|Any CPU.Build.0 = Release|Any CPU
		{DEEC821A-4946-4334-B0A9-8C248A0ED8FD}.Debug|Any CPU.ActiveCfg = Debug|Any CPU
		{DEEC821A-4946-4334-B0A9-8C248A0ED8FD}.Debug|Any CPU.Build.0 = Debug|Any CPU
		{DEEC821A-4946-4334-B0A9-8C248A0ED8FD}.Release|Any CPU.ActiveCfg = Release|Any CPU
		{DEEC821A-4946-4334-B0A9-8C248A0ED8FD}.Release|Any CPU.Build.0 = Release|Any CPU
	EndGlobalSection
	GlobalSection(SolutionProperties) = preSolution
		HideSolutionNode = FALSE
	EndGlobalSection
	GlobalSection(NestedProjects) = preSolution
		{39CA30B9-9494-4934-B8D2-44B89F42E609} = {82E41A17-C918-4CF7-A1EF-581A7265C669}
		{5240342C-BF64-41D6-B6F7-B833782A680E} = {82E41A17-C918-4CF7-A1EF-581A7265C669}
		{1A7184C0-73F1-4EAF-897F-F5CB905ADBED} = {EFDE31FB-DA9D-4072-9847-D523DA85352D}
		{28DA4192-515B-4662-81C0-B054CEC148AC} = {1F18665F-F73D-495F-85FE-D53E57E2A8C2}
		{EFEB72F9-23F2-4C60-B986-D18B9FDFE01C} = {28DA4192-515B-4662-81C0-B054CEC148AC}
		{EA05C539-2F75-4842-A499-5EBDF1160EF3} = {83DF6F47-CDCB-4637-8C3E-4E9A883D7CA3}
		{19091FCB-5352-4EC7-B1DC-1B899C8A3A0C} = {1F18665F-F73D-495F-85FE-D53E57E2A8C2}
		{DEEC821A-4946-4334-B0A9-8C248A0ED8FD} = {19091FCB-5352-4EC7-B1DC-1B899C8A3A0C}
	EndGlobalSection
	GlobalSection(ExtensibilityGlobals) = postSolution
		SolutionGuid = {9D94AB93-A833-4D94-A0E4-0BE2E190BB5D}
	EndGlobalSection
EndGlobal
